
Microsoft Visual Studio Solution File, Format Version 12.00
# Visual Studio Version 17
VisualStudioVersion = 17.14.36511.14 d17.14
MinimumVisualStudioVersion = 10.0.40219.1
Project("{FAE04EC0-301F-11D3-BF4B-00C04F79EFBC}") = "Stats Tracker", "Stats Tracker.csproj", "{884A0513-E592-4446-8067-3EA56AA4541A}"
EndProject
Global
	GlobalSection(SolutionConfigurationPlatforms) = preSolution
		Debug|Any CPU = Debug|Any CPU
		Debug|x64 = Debug|x64
		Release|Any CPU = Release|Any CPU
		Release|x64 = Release|x64
	EndGlobalSection
	GlobalSection(ProjectConfigurationPlatforms) = postSolution
		{884A0513-E592-4446-8067-3EA56AA4541A}.Debug|Any CPU.ActiveCfg = Debug|Any CPU
		{884A0513-E592-4446-8067-3EA56AA4541A}.Debug|Any CPU.Build.0 = Debug|Any CPU
		{884A0513-E592-4446-8067-3EA56AA4541A}.Debug|x64.ActiveCfg = Debug|x64
		{884A0513-E592-4446-8067-3EA56AA4541A}.Debug|x64.Build.0 = Debug|x64
		{884A0513-E592-4446-8067-3EA56AA4541A}.Release|Any CPU.ActiveCfg = Release|Any CPU
		{884A0513-E592-4446-8067-3EA56AA4541A}.Release|Any CPU.Build.0 = Release|Any CPU
		{884A0513-E592-4446-8067-3EA56AA4541A}.Release|x64.ActiveCfg = Release|x64
		{884A0513-E592-4446-8067-3EA56AA4541A}.Release|x64.Build.0 = Release|x64
	EndGlobalSection
	GlobalSection(SolutionProperties) = preSolution
		HideSolutionNode = FALSE
	EndGlobalSection
	GlobalSection(ExtensibilityGlobals) = postSolution
		SolutionGuid = {29FCEEDE-F51A-4F2D-9ED5-BD4540798922}
	EndGlobalSection
EndGlobal
